
Microsoft Visual Studio Solution File, Format Version 12.00
Project("{2150E333-8FDC-42A3-9474-1A3956D46DE8}") = "src", "src", "{C9756F8E-82FC-4C38-B7A9-BD3A407D29B4}"
EndProject
Project("{2150E333-8FDC-42A3-9474-1A3956D46DE8}") = "test", "test", "{DEDB2C70-51CB-4040-AA27-B5E706125654}"
EndProject
Project("{FAE04EC0-301F-11D3-BF4B-00C04F79EFBC}") = "CsToTs", "CsToTs\CsToTs.csproj", "{CA94B614-E4D6-46B0-82A5-CEA3FE4DBDC0}"
EndProject
Global
	GlobalSection(SolutionConfigurationPlatforms) = preSolution
		Debug|Any CPU = Debug|Any CPU
		Release|Any CPU = Release|Any CPU
	EndGlobalSection
	GlobalSection(NestedProjects) = preSolution
		{CA94B614-E4D6-46B0-82A5-CEA3FE4DBDC0} = {C9756F8E-82FC-4C38-B7A9-BD3A407D29B4}
	EndGlobalSection
	GlobalSection(ProjectConfigurationPlatforms) = postSolution
		{CA94B614-E4D6-46B0-82A5-CEA3FE4DBDC0}.Debug|Any CPU.ActiveCfg = Debug|Any CPU
		{CA94B614-E4D6-46B0-82A5-CEA3FE4DBDC0}.Debug|Any CPU.Build.0 = Debug|Any CPU
		{CA94B614-E4D6-46B0-82A5-CEA3FE4DBDC0}.Release|Any CPU.ActiveCfg = Release|Any CPU
		{CA94B614-E4D6-46B0-82A5-CEA3FE4DBDC0}.Release|Any CPU.Build.0 = Release|Any CPU
	EndGlobalSection
EndGlobal
